
Microsoft Visual Studio Solution File, Format Version 12.00
# Visual Studio Version 17
VisualStudioVersion = 17.14.36121.58
MinimumVisualStudioVersion = 10.0.40219.1
Project("{FAE04EC0-301F-11D3-BF4B-00C04F79EFBC}") = "BulkyWeb", "BulkyWeb\BulkyWeb.csproj", "{D5DB8B1D-5ED3-4E90-BD79-A071457928BF}"
EndProject
Project("{FAE04EC0-301F-11D3-BF4B-00C04F79EFBC}") = "Bulky.DataAccess", "Bulky.DataAccess\Bulky.DataAccess.csproj", "{65F64891-34B2-44B2-BB62-4090D6E2A1E8}"
EndProject
Project("{FAE04EC0-301F-11D3-BF4B-00C04F79EFBC}") = "Bulky.Models", "Bulky.Models\Bulky.Models.csproj", "{E462DF41-313C-42C2-A5B3-DE8BA1D612A2}"
EndProject
Project("{FAE04EC0-301F-11D3-BF4B-00C04F79EFBC}") = "Bulky.Utility", "Bulky.Utility\Bulky.Utility.csproj", "{CA58B17D-8669-40D2-9876-B1AAE375BEC1}"
EndProject
Global
	GlobalSection(SolutionConfigurationPlatforms) = preSolution
		Debug|Any CPU = Debug|Any CPU
		Release|Any CPU = Release|Any CPU
	EndGlobalSection
	GlobalSection(ProjectConfigurationPlatforms) = postSolution
		{D5DB8B1D-5ED3-4E90-BD79-A071457928BF}.Debug|Any CPU.ActiveCfg = Debug|Any CPU
		{D5DB8B1D-5ED3-4E90-BD79-A071457928BF}.Debug|Any CPU.Build.0 = Debug|Any CPU
		{D5DB8B1D-5ED3-4E90-BD79-A071457928BF}.Release|Any CPU.ActiveCfg = Release|Any CPU
		{D5DB8B1D-5ED3-4E90-BD79-A071457928BF}.Release|Any CPU.Build.0 = Release|Any CPU
		{65F64891-34B2-44B2-BB62-4090D6E2A1E8}.Debug|Any CPU.ActiveCfg = Debug|Any CPU
		{65F64891-34B2-44B2-BB62-4090D6E2A1E8}.Debug|Any CPU.Build.0 = Debug|Any CPU
		{65F64891-34B2-44B2-BB62-4090D6E2A1E8}.Release|Any CPU.ActiveCfg = Release|Any CPU
		{65F64891-34B2-44B2-BB62-4090D6E2A1E8}.Release|Any CPU.Build.0 = Release|Any CPU
		{E462DF41-313C-42C2-A5B3-DE8BA1D612A2}.Debug|Any CPU.ActiveCfg = Debug|Any CPU
		{E462DF41-313C-42C2-A5B3-DE8BA1D612A2}.Debug|Any CPU.Build.0 = Debug|Any CPU
		{E462DF41-313C-42C2-A5B3-DE8BA1D612A2}.Release|Any CPU.ActiveCfg = Release|Any CPU
		{E462DF41-313C-42C2-A5B3-DE8BA1D612A2}.Release|Any CPU.Build.0 = Release|Any CPU
		{CA58B17D-8669-40D2-9876-B1AAE375BEC1}.Debug|Any CPU.ActiveCfg = Debug|Any CPU
		{CA58B17D-8669-40D2-9876-B1AAE375BEC1}.Debug|Any CPU.Build.0 = Debug|Any CPU
		{CA58B17D-8669-40D2-9876-B1AAE375BEC1}.Release|Any CPU.ActiveCfg = Release|Any CPU
		{CA58B17D-8669-40D2-9876-B1AAE375BEC1}.Release|Any CPU.Build.0 = Release|Any CPU
	EndGlobalSection
	GlobalSection(SolutionProperties) = preSolution
		HideSolutionNode = FALSE
	EndGlobalSection
	GlobalSection(ExtensibilityGlobals) = postSolution
		SolutionGuid = {8A390F01-31D6-4A46-8F32-674336BF1B59}
	EndGlobalSection
EndGlobal
